
Microsoft Visual Studio Solution File, Format Version 12.00
Project("{FAE04EC0-301F-11D3-BF4B-00C04F79EFBC}") = "Sadie.Game.Navigator", "Sadie.Game.Navigator\Sadie.Game.Navigator.csproj", "{C943F11A-583F-4CAB-A80F-724CD74E933B}"
EndProject
Global
	GlobalSection(SolutionConfigurationPlatforms) = preSolution
		Debug|Any CPU = Debug|Any CPU
		Release|Any CPU = Release|Any CPU
	EndGlobalSection
	GlobalSection(ProjectConfigurationPlatforms) = postSolution
		{C943F11A-583F-4CAB-A80F-724CD74E933B}.Debug|Any CPU.ActiveCfg = Debug|Any CPU
		{C943F11A-583F-4CAB-A80F-724CD74E933B}.Debug|Any CPU.Build.0 = Debug|Any CPU
		{C943F11A-583F-4CAB-A80F-724CD74E933B}.Release|Any CPU.ActiveCfg = Release|Any CPU
		{C943F11A-583F-4CAB-A80F-724CD74E933B}.Release|Any CPU.Build.0 = Release|Any CPU
	EndGlobalSection
EndGlobal
